// !$*UTF8*$!
{
	archiveVersion = 1;
	classes = {
	};
	objectVersion = 77;
	objects = {

/* Begin PBXContainerItemProxy section */
		8D96ADBE2D33651C00F9F87B /* PBXContainerItemProxy */ = {
			isa = PBXContainerItemProxy;
			containerPortal = 8D96ADA32D33651800F9F87B /* Project object */;
			proxyType = 1;
			remoteGlobalIDString = 8D96ADAA2D33651800F9F87B;
			remoteInfo = "cs342-assignment1";
		};
		8D96ADC82D33651C00F9F87B /* PBXContainerItemProxy */ = {
			isa = PBXContainerItemProxy;
			containerPortal = 8D96ADA32D33651800F9F87B /* Project object */;
			proxyType = 1;
			remoteGlobalIDString = 8D96ADAA2D33651800F9F87B;
			remoteInfo = "cs342-assignment1";
		};
/* End PBXContainerItemProxy section */

/* Begin PBXFileReference section */
		8D96ADAB2D33651800F9F87B /* cs342-assignment1.app */ = {isa = PBXFileReference; explicitFileType = wrapper.application; includeInIndex = 0; path = "cs342-assignment1.app"; sourceTree = BUILT_PRODUCTS_DIR; };
		8D96ADBD2D33651C00F9F87B /* cs342-assignment1Tests.xctest */ = {isa = PBXFileReference; explicitFileType = wrapper.cfbundle; includeInIndex = 0; path = "cs342-assignment1Tests.xctest"; sourceTree = BUILT_PRODUCTS_DIR; };
		8D96ADC72D33651C00F9F87B /* cs342-assignment1UITests.xctest */ = {isa = PBXFileReference; explicitFileType = wrapper.cfbundle; includeInIndex = 0; path = "cs342-assignment1UITests.xctest"; sourceTree = BUILT_PRODUCTS_DIR; };
/* End PBXFileReference section */

/* Begin PBXFileSystemSynchronizedRootGroup section */
		8D96ADAD2D33651800F9F87B /* cs342-assignment1 */ = {
			isa = PBXFileSystemSynchronizedRootGroup;
			path = "cs342-assignment1";
			sourceTree = "<group>";
		};
		8D96ADC02D33651C00F9F87B /* cs342-assignment1Tests */ = {
			isa = PBXFileSystemSynchronizedRootGroup;
			path = "cs342-assignment1Tests";
			sourceTree = "<group>";
		};
		8D96ADCA2D33651C00F9F87B /* cs342-assignment1UITests */ = {
			isa = PBXFileSystemSynchronizedRootGroup;
			path = "cs342-assignment1UITests";
			sourceTree = "<group>";
		};
/* End PBXFileSystemSynchronizedRootGroup section */

/* Begin PBXFrameworksBuildPhase section */
		8D96ADA82D33651800F9F87B /* Frameworks */ = {
			isa = PBXFrameworksBuildPhase;
			buildActionMask = 2147483647;
			files = (
			);
			runOnlyForDeploymentPostprocessing = 0;
		};
		8D96ADBA2D33651C00F9F87B /* Frameworks */ = {
			isa = PBXFrameworksBuildPhase;
			buildActionMask = 2147483647;
			files = (
			);
			runOnlyForDeploymentPostprocessing = 0;
		};
		8D96ADC42D33651C00F9F87B /* Frameworks */ = {
			isa = PBXFrameworksBuildPhase;
			buildActionMask = 2147483647;
			files = (
			);
			runOnlyForDeploymentPostprocessing = 0;
		};
/* End PBXFrameworksBuildPhase section */

/* Begin PBXGroup section */
		8D96ADA22D33651800F9F87B = {
			isa = PBXGroup;
			children = (
				8D96ADAD2D33651800F9F87B /* cs342-assignment1 */,
				8D96ADC02D33651C00F9F87B /* cs342-assignment1Tests */,
				8D96ADCA2D33651C00F9F87B /* cs342-assignment1UITests */,
				8D96ADAC2D33651800F9F87B /* Products */,
			);
			sourceTree = "<group>";
		};
		8D96ADAC2D33651800F9F87B /* Products */ = {
			isa = PBXGroup;
			children = (
				8D96ADAB2D33651800F9F87B /* cs342-assignment1.app */,
				8D96ADBD2D33651C00F9F87B /* cs342-assignment1Tests.xctest */,
				8D96ADC72D33651C00F9F87B /* cs342-assignment1UITests.xctest */,
			);
			name = Products;
			sourceTree = "<group>";
		};
/* End PBXGroup section */

/* Begin PBXNativeTarget section */
		8D96ADAA2D33651800F9F87B /* cs342-assignment1 */ = {
			isa = PBXNativeTarget;
			buildConfigurationList = 8D96ADD12D33651C00F9F87B /* Build configuration list for PBXNativeTarget "cs342-assignment1" */;
			buildPhases = (
				8D96ADA72D33651800F9F87B /* Sources */,
				8D96ADA82D33651800F9F87B /* Frameworks */,
				8D96ADA92D33651800F9F87B /* Resources */,
			);
			buildRules = (
			);
			dependencies = (
			);
			fileSystemSynchronizedGroups = (
				8D96ADAD2D33651800F9F87B /* cs342-assignment1 */,
			);
			name = "cs342-assignment1";
			packageProductDependencies = (
			);
			productName = "cs342-assignment1";
			productReference = 8D96ADAB2D33651800F9F87B /* cs342-assignment1.app */;
			productType = "com.apple.product-type.application";
		};
		8D96ADBC2D33651C00F9F87B /* cs342-assignment1Tests */ = {
			isa = PBXNativeTarget;
			buildConfigurationList = 8D96ADD42D33651C00F9F87B /* Build configuration list for PBXNativeTarget "cs342-assignment1Tests" */;
			buildPhases = (
				8D96ADB92D33651C00F9F87B /* Sources */,
				8D96ADBA2D33651C00F9F87B /* Frameworks */,
				8D96ADBB2D33651C00F9F87B /* Resources */,
			);
			buildRules = (
			);
			dependencies = (
				8D96ADBF2D33651C00F9F87B /* PBXTargetDependency */,
			);
			fileSystemSynchronizedGroups = (
				8D96ADC02D33651C00F9F87B /* cs342-assignment1Tests */,
			);
			name = "cs342-assignment1Tests";
			packageProductDependencies = (
			);
			productName = "cs342-assignment1Tests";
			productReference = 8D96ADBD2D33651C00F9F87B /* cs342-assignment1Tests.xctest */;
			productType = "com.apple.product-type.bundle.unit-test";
		};
		8D96ADC62D33651C00F9F87B /* cs342-assignment1UITests */ = {
			isa = PBXNativeTarget;
			buildConfigurationList = 8D96ADD72D33651C00F9F87B /* Build configuration list for PBXNativeTarget "cs342-assignment1UITests" */;
			buildPhases = (
				8D96ADC32D33651C00F9F87B /* Sources */,
				8D96ADC42D33651C00F9F87B /* Frameworks */,
				8D96ADC52D33651C00F9F87B /* Resources */,
			);
			buildRules = (
			);
			dependencies = (
				8D96ADC92D33651C00F9F87B /* PBXTargetDependency */,
			);
			fileSystemSynchronizedGroups = (
				8D96ADCA2D33651C00F9F87B /* cs342-assignment1UITests */,
			);
			name = "cs342-assignment1UITests";
			packageProductDependencies = (
			);
			productName = "cs342-assignment1UITests";
			productReference = 8D96ADC72D33651C00F9F87B /* cs342-assignment1UITests.xctest */;
			productType = "com.apple.product-type.bundle.ui-testing";
		};
/* End PBXNativeTarget section */

/* Begin PBXProject section */
		8D96ADA32D33651800F9F87B /* Project object */ = {
			isa = PBXProject;
			attributes = {
				BuildIndependentTargetsInParallel = 1;
				LastSwiftUpdateCheck = 1620;
				LastUpgradeCheck = 1620;
				TargetAttributes = {
					8D96ADAA2D33651800F9F87B = {
						CreatedOnToolsVersion = 16.2;
					};
					8D96ADBC2D33651C00F9F87B = {
						CreatedOnToolsVersion = 16.2;
						TestTargetID = 8D96ADAA2D33651800F9F87B;
					};
					8D96ADC62D33651C00F9F87B = {
						CreatedOnToolsVersion = 16.2;
						TestTargetID = 8D96ADAA2D33651800F9F87B;
					};
				};
			};
			buildConfigurationList = 8D96ADA62D33651800F9F87B /* Build configuration list for PBXProject "cs342-assignment1" */;
			developmentRegion = en;
			hasScannedForEncodings = 0;
			knownRegions = (
				en,
				Base,
			);
			mainGroup = 8D96ADA22D33651800F9F87B;
			minimizedProjectReferenceProxies = 1;
			preferredProjectObjectVersion = 77;
			productRefGroup = 8D96ADAC2D33651800F9F87B /* Products */;
			projectDirPath = "";
			projectRoot = "";
			targets = (
				8D96ADAA2D33651800F9F87B /* cs342-assignment1 */,
				8D96ADBC2D33651C00F9F87B /* cs342-assignment1Tests */,
				8D96ADC62D33651C00F9F87B /* cs342-assignment1UITests */,
			);
		};
/* End PBXProject section */

/* Begin PBXResourcesBuildPhase section */
		8D96ADA92D33651800F9F87B /* Resources */ = {
			isa = PBXResourcesBuildPhase;
			buildActionMask = 2147483647;
			files = (
			);
			runOnlyForDeploymentPostprocessing = 0;
		};
		8D96ADBB2D33651C00F9F87B /* Resources */ = {
			isa = PBXResourcesBuildPhase;
			buildActionMask = 2147483647;
			files = (
			);
			runOnlyForDeploymentPostprocessing = 0;
		};
		8D96ADC52D33651C00F9F87B /* Resources */ = {
			isa = PBXResourcesBuildPhase;
			buildActionMask = 2147483647;
			files = (
			);
			runOnlyForDeploymentPostprocessing = 0;
		};
/* End PBXResourcesBuildPhase section */

/* Begin PBXSourcesBuildPhase section */
		8D96ADA72D33651800F9F87B /* Sources */ = {
			isa = PBXSourcesBuildPhase;
			buildActionMask = 2147483647;
			files = (
			);
			runOnlyForDeploymentPostprocessing = 0;
		};
		8D96ADB92D33651C00F9F87B /* Sources */ = {
			isa = PBXSourcesBuildPhase;
			buildActionMask = 2147483647;
			files = (
			);
			runOnlyForDeploymentPostprocessing = 0;
		};
		8D96ADC32D33651C00F9F87B /* Sources */ = {
			isa = PBXSourcesBuildPhase;
			buildActionMask = 2147483647;
			files = (
			);
			runOnlyForDeploymentPostprocessing = 0;
		};
/* End PBXSourcesBuildPhase section */

/* Begin PBXTargetDependency section */
		8D96ADBF2D33651C00F9F87B /* PBXTargetDependency */ = {
			isa = PBXTargetDependency;
			target = 8D96ADAA2D33651800F9F87B /* cs342-assignment1 */;
			targetProxy = 8D96ADBE2D33651C00F9F87B /* PBXContainerItemProxy */;
		};
		8D96ADC92D33651C00F9F87B /* PBXTargetDependency */ = {
			isa = PBXTargetDependency;
			target = 8D96ADAA2D33651800F9F87B /* cs342-assignment1 */;
			targetProxy = 8D96ADC82D33651C00F9F87B /* PBXContainerItemProxy */;
		};
/* End PBXTargetDependency section */

/* Begin XCBuildConfiguration section */
		8D96ADCF2D33651C00F9F87B /* Debug */ = {
			isa = XCBuildConfiguration;
			buildSettings = {
				ALWAYS_SEARCH_USER_PATHS = NO;
				ASSETCATALOG_COMPILER_GENERATE_SWIFT_ASSET_SYMBOL_EXTENSIONS = YES;
				CLANG_ANALYZER_NONNULL = YES;
				CLANG_ANALYZER_NUMBER_OBJECT_CONVERSION = YES_AGGRESSIVE;
				CLANG_CXX_LANGUAGE_STANDARD = "gnu++20";
				CLANG_ENABLE_MODULES = YES;
				CLANG_ENABLE_OBJC_ARC = YES;
				CLANG_ENABLE_OBJC_WEAK = YES;
				CLANG_WARN_BLOCK_CAPTURE_AUTORELEASING = YES;
				CLANG_WARN_BOOL_CONVERSION = YES;
				CLANG_WARN_COMMA = YES;
				CLANG_WARN_CONSTANT_CONVERSION = YES;
				CLANG_WARN_DEPRECATED_OBJC_IMPLEMENTATIONS = YES;
				CLANG_WARN_DIRECT_OBJC_ISA_USAGE = YES_ERROR;
				CLANG_WARN_DOCUMENTATION_COMMENTS = YES;
				CLANG_WARN_EMPTY_BODY = YES;
				CLANG_WARN_ENUM_CONVERSION = YES;
				CLANG_WARN_INFINITE_RECURSION = YES;
				CLANG_WARN_INT_CONVERSION = YES;
				CLANG_WARN_NON_LITERAL_NULL_CONVERSION = YES;
				CLANG_WARN_OBJC_IMPLICIT_RETAIN_SELF = YES;
				CLANG_WARN_OBJC_LITERAL_CONVERSION = YES;
				CLANG_WARN_OBJC_ROOT_CLASS = YES_ERROR;
				CLANG_WARN_QUOTED_INCLUDE_IN_FRAMEWORK_HEADER = YES;
				CLANG_WARN_RANGE_LOOP_ANALYSIS = YES;
				CLANG_WARN_STRICT_PROTOTYPES = YES;
				CLANG_WARN_SUSPICIOUS_MOVE = YES;
				CLANG_WARN_UNGUARDED_AVAILABILITY = YES_AGGRESSIVE;
				CLANG_WARN_UNREACHABLE_CODE = YES;
				CLANG_WARN__DUPLICATE_METHOD_MATCH = YES;
				COPY_PHASE_STRIP = NO;
				DEBUG_INFORMATION_FORMAT = dwarf;
				ENABLE_STRICT_OBJC_MSGSEND = YES;
				ENABLE_TESTABILITY = YES;
				ENABLE_USER_SCRIPT_SANDBOXING = YES;
				GCC_C_LANGUAGE_STANDARD = gnu17;
				GCC_DYNAMIC_NO_PIC = NO;
				GCC_NO_COMMON_BLOCKS = YES;
				GCC_OPTIMIZATION_LEVEL = 0;
				GCC_PREPROCESSOR_DEFINITIONS = (
					"DEBUG=1",
					"$(inherited)",
				);
				GCC_WARN_64_TO_32_BIT_CONVERSION = YES;
				GCC_WARN_ABOUT_RETURN_TYPE = YES_ERROR;
				GCC_WARN_UNDECLARED_SELECTOR = YES;
				GCC_WARN_UNINITIALIZED_AUTOS = YES_AGGRESSIVE;
				GCC_WARN_UNUSED_FUNCTION = YES;
				GCC_WARN_UNUSED_VARIABLE = YES;
				IPHONEOS_DEPLOYMENT_TARGET = 18.2;
				LOCALIZATION_PREFERS_STRING_CATALOGS = YES;
				MTL_ENABLE_DEBUG_INFO = INCLUDE_SOURCE;
				MTL_FAST_MATH = YES;
				ONLY_ACTIVE_ARCH = YES;
				SDKROOT = iphoneos;
				SWIFT_ACTIVE_COMPILATION_CONDITIONS = "DEBUG $(inherited)";
				SWIFT_OPTIMIZATION_LEVEL = "-Onone";
			};
			name = Debug;
		};
		8D96ADD02D33651C00F9F87B /* Release */ = {
			isa = XCBuildConfiguration;
			buildSettings = {
				ALWAYS_SEARCH_USER_PATHS = NO;
				ASSETCATALOG_COMPILER_GENERATE_SWIFT_ASSET_SYMBOL_EXTENSIONS = YES;
				CLANG_ANALYZER_NONNULL = YES;
				CLANG_ANALYZER_NUMBER_OBJECT_CONVERSION = YES_AGGRESSIVE;
				CLANG_CXX_LANGUAGE_STANDARD = "gnu++20";
				CLANG_ENABLE_MODULES = YES;
				CLANG_ENABLE_OBJC_ARC = YES;
				CLANG_ENABLE_OBJC_WEAK = YES;
				CLANG_WARN_BLOCK_CAPTURE_AUTORELEASING = YES;
				CLANG_WARN_BOOL_CONVERSION = YES;
				CLANG_WARN_COMMA = YES;
				CLANG_WARN_CONSTANT_CONVERSION = YES;
				CLANG_WARN_DEPRECATED_OBJC_IMPLEMENTATIONS = YES;
				CLANG_WARN_DIRECT_OBJC_ISA_USAGE = YES_ERROR;
				CLANG_WARN_DOCUMENTATION_COMMENTS = YES;
				CLANG_WARN_EMPTY_BODY = YES;
				CLANG_WARN_ENUM_CONVERSION = YES;
				CLANG_WARN_INFINITE_RECURSION = YES;
				CLANG_WARN_INT_CONVERSION = YES;
				CLANG_WARN_NON_LITERAL_NULL_CONVERSION = YES;
				CLANG_WARN_OBJC_IMPLICIT_RETAIN_SELF = YES;
				CLANG_WARN_OBJC_LITERAL_CONVERSION = YES;
				CLANG_WARN_OBJC_ROOT_CLASS = YES_ERROR;
				CLANG_WARN_QUOTED_INCLUDE_IN_FRAMEWORK_HEADER = YES;
				CLANG_WARN_RANGE_LOOP_ANALYSIS = YES;
				CLANG_WARN_STRICT_PROTOTYPES = YES;
				CLANG_WARN_SUSPICIOUS_MOVE = YES;
				CLANG_WARN_UNGUARDED_AVAILABILITY = YES_AGGRESSIVE;
				CLANG_WARN_UNREACHABLE_CODE = YES;
				CLANG_WARN__DUPLICATE_METHOD_MATCH = YES;
				COPY_PHASE_STRIP = NO;
				DEBUG_INFORMATION_FORMAT = "dwarf-with-dsym";
				ENABLE_NS_ASSERTIONS = NO;
				ENABLE_STRICT_OBJC_MSGSEND = YES;
				ENABLE_USER_SCRIPT_SANDBOXING = YES;
				GCC_C_LANGUAGE_STANDARD = gnu17;
				GCC_NO_COMMON_BLOCKS = YES;
				GCC_WARN_64_TO_32_BIT_CONVERSION = YES;
				GCC_WARN_ABOUT_RETURN_TYPE = YES_ERROR;
				GCC_WARN_UNDECLARED_SELECTOR = YES;
				GCC_WARN_UNINITIALIZED_AUTOS = YES_AGGRESSIVE;
				GCC_WARN_UNUSED_FUNCTION = YES;
				GCC_WARN_UNUSED_VARIABLE = YES;
				IPHONEOS_DEPLOYMENT_TARGET = 18.2;
				LOCALIZATION_PREFERS_STRING_CATALOGS = YES;
				MTL_ENABLE_DEBUG_INFO = NO;
				MTL_FAST_MATH = YES;
				SDKROOT = iphoneos;
				SWIFT_COMPILATION_MODE = wholemodule;
				VALIDATE_PRODUCT = YES;
			};
			name = Release;
		};
		8D96ADD22D33651C00F9F87B /* Debug */ = {
			isa = XCBuildConfiguration;
			buildSettings = {
				ASSETCATALOG_COMPILER_APPICON_NAME = AppIcon;
				ASSETCATALOG_COMPILER_GLOBAL_ACCENT_COLOR_NAME = AccentColor;
				CODE_SIGN_STYLE = Automatic;
				CURRENT_PROJECT_VERSION = 1;
				DEVELOPMENT_ASSET_PATHS = "\"cs342-assignment1/Preview Content\"";
				ENABLE_PREVIEWS = YES;
				GENERATE_INFOPLIST_FILE = YES;
				INFOPLIST_KEY_UIApplicationSceneManifest_Generation = YES;
				INFOPLIST_KEY_UIApplicationSupportsIndirectInputEvents = YES;
				INFOPLIST_KEY_UILaunchScreen_Generation = YES;
				INFOPLIST_KEY_UISupportedInterfaceOrientations_iPad = "UIInterfaceOrientationPortrait UIInterfaceOrientationPortraitUpsideDown UIInterfaceOrientationLandscapeLeft UIInterfaceOrientationLandscapeRight";
				INFOPLIST_KEY_UISupportedInterfaceOrientations_iPhone = "UIInterfaceOrientationPortrait UIInterfaceOrientationLandscapeLeft UIInterfaceOrientationLandscapeRight";
				LD_RUNPATH_SEARCH_PATHS = (
					"$(inherited)",
					"@executable_path/Frameworks",
				);
				MARKETING_VERSION = 1.0;
				PRODUCT_BUNDLE_IDENTIFIER = "Shreya-D-Souza.cs342-assignment1";
				PRODUCT_NAME = "$(TARGET_NAME)";
				SWIFT_EMIT_LOC_STRINGS = YES;
				SWIFT_VERSION = 5.0;
				TARGETED_DEVICE_FAMILY = "1,2";
			};
			name = Debug;
		};
		8D96ADD32D33651C00F9F87B /* Release */ = {
			isa = XCBuildConfiguration;
			buildSettings = {
				ASSETCATALOG_COMPILER_APPICON_NAME = AppIcon;
				ASSETCATALOG_COMPILER_GLOBAL_ACCENT_COLOR_NAME = AccentColor;
				CODE_SIGN_STYLE = Automatic;
				CURRENT_PROJECT_VERSION = 1;
				DEVELOPMENT_ASSET_PATHS = "\"cs342-assignment1/Preview Content\"";
				ENABLE_PREVIEWS = YES;
				GENERATE_INFOPLIST_FILE = YES;
				INFOPLIST_KEY_UIApplicationSceneManifest_Generation = YES;
				INFOPLIST_KEY_UIApplicationSupportsIndirectInputEvents = YES;
				INFOPLIST_KEY_UILaunchScreen_Generation = YES;
				INFOPLIST_KEY_UISupportedInterfaceOrientations_iPad = "UIInterfaceOrientationPortrait UIInterfaceOrientationPortraitUpsideDown UIInterfaceOrientationLandscapeLeft UIInterfaceOrientationLandscapeRight";
				INFOPLIST_KEY_UISupportedInterfaceOrientations_iPhone = "UIInterfaceOrientationPortrait UIInterfaceOrientationLandscapeLeft UIInterfaceOrientationLandscapeRight";
				LD_RUNPATH_SEARCH_PATHS = (
					"$(inherited)",
					"@executable_path/Frameworks",
				);
				MARKETING_VERSION = 1.0;
				PRODUCT_BUNDLE_IDENTIFIER = "Shreya-D-Souza.cs342-assignment1";
				PRODUCT_NAME = "$(TARGET_NAME)";
				SWIFT_EMIT_LOC_STRINGS = YES;
				SWIFT_VERSION = 5.0;
				TARGETED_DEVICE_FAMILY = "1,2";
			};
			name = Release;
		};
		8D96ADD52D33651C00F9F87B /* Debug */ = {
			isa = XCBuildConfiguration;
			buildSettings = {
				BUNDLE_LOADER = "$(TEST_HOST)";
				CODE_SIGN_STYLE = Automatic;
				CURRENT_PROJECT_VERSION = 1;
				GENERATE_INFOPLIST_FILE = YES;
				IPHONEOS_DEPLOYMENT_TARGET = 18.2;
				MARKETING_VERSION = 1.0;
				PRODUCT_BUNDLE_IDENTIFIER = "Shreya-D-Souza.cs342-assignment1Tests";
				PRODUCT_NAME = "$(TARGET_NAME)";
				SWIFT_EMIT_LOC_STRINGS = NO;
				SWIFT_VERSION = 5.0;
				TARGETED_DEVICE_FAMILY = "1,2";
				TEST_HOST = "$(BUILT_PRODUCTS_DIR)/cs342-assignment1.app/$(BUNDLE_EXECUTABLE_FOLDER_PATH)/cs342-assignment1";
			};
			name = Debug;
		};
		8D96ADD62D33651C00F9F87B /* Release */ = {
			isa = XCBuildConfiguration;
			buildSettings = {
				BUNDLE_LOADER = "$(TEST_HOST)";
				CODE_SIGN_STYLE = Automatic;
				CURRENT_PROJECT_VERSION = 1;
				GENERATE_INFOPLIST_FILE = YES;
				IPHONEOS_DEPLOYMENT_TARGET = 18.2;
				MARKETING_VERSION = 1.0;
				PRODUCT_BUNDLE_IDENTIFIER = "Shreya-D-Souza.cs342-assignment1Tests";
				PRODUCT_NAME = "$(TARGET_NAME)";
				SWIFT_EMIT_LOC_STRINGS = NO;
				SWIFT_VERSION = 5.0;
				TARGETED_DEVICE_FAMILY = "1,2";
				TEST_HOST = "$(BUILT_PRODUCTS_DIR)/cs342-assignment1.app/$(BUNDLE_EXECUTABLE_FOLDER_PATH)/cs342-assignment1";
			};
			name = Release;
		};
		8D96ADD82D33651C00F9F87B /* Debug */ = {
			isa = XCBuildConfiguration;
			buildSettings = {
				CODE_SIGN_STYLE = Automatic;
				CURRENT_PROJECT_VERSION = 1;
				GENERATE_INFOPLIST_FILE = YES;
				MARKETING_VERSION = 1.0;
				PRODUCT_BUNDLE_IDENTIFIER = "Shreya-D-Souza.cs342-assignment1UITests";
				PRODUCT_NAME = "$(TARGET_NAME)";
				SWIFT_EMIT_LOC_STRINGS = NO;
				SWIFT_VERSION = 5.0;
				TARGETED_DEVICE_FAMILY = "1,2";
				TEST_TARGET_NAME = "cs342-assignment1";
			};
			name = Debug;
		};
		8D96ADD92D33651C00F9F87B /* Release */ = {
			isa = XCBuildConfiguration;
			buildSettings = {
				CODE_SIGN_STYLE = Automatic;
				CURRENT_PROJECT_VERSION = 1;
				GENERATE_INFOPLIST_FILE = YES;
				MARKETING_VERSION = 1.0;
				PRODUCT_BUNDLE_IDENTIFIER = "Shreya-D-Souza.cs342-assignment1UITests";
				PRODUCT_NAME = "$(TARGET_NAME)";
				SWIFT_EMIT_LOC_STRINGS = NO;
				SWIFT_VERSION = 5.0;
				TARGETED_DEVICE_FAMILY = "1,2";
				TEST_TARGET_NAME = "cs342-assignment1";
			};
			name = Release;
		};
/* End XCBuildConfiguration section */

/* Begin XCConfigurationList section */
		8D96ADA62D33651800F9F87B /* Build configuration list for PBXProject "cs342-assignment1" */ = {
			isa = XCConfigurationList;
			buildConfigurations = (
				8D96ADCF2D33651C00F9F87B /* Debug */,
				8D96ADD02D33651C00F9F87B /* Release */,
			);
			defaultConfigurationIsVisible = 0;
			defaultConfigurationName = Release;
		};
		8D96ADD12D33651C00F9F87B /* Build configuration list for PBXNativeTarget "cs342-assignment1" */ = {
			isa = XCConfigurationList;
			buildConfigurations = (
				8D96ADD22D33651C00F9F87B /* Debug */,
				8D96ADD32D33651C00F9F87B /* Release */,
			);
			defaultConfigurationIsVisible = 0;
			defaultConfigurationName = Release;
		};
		8D96ADD42D33651C00F9F87B /* Build configuration list for PBXNativeTarget "cs342-assignment1Tests" */ = {
			isa = XCConfigurationList;
			buildConfigurations = (
				8D96ADD52D33651C00F9F87B /* Debug */,
				8D96ADD62D33651C00F9F87B /* Release */,
			);
			defaultConfigurationIsVisible = 0;
			defaultConfigurationName = Release;
		};
		8D96ADD72D33651C00F9F87B /* Build configuration list for PBXNativeTarget "cs342-assignment1UITests" */ = {
			isa = XCConfigurationList;
			buildConfigurations = (
				8D96ADD82D33651C00F9F87B /* Debug */,
				8D96ADD92D33651C00F9F87B /* Release */,
			);
			defaultConfigurationIsVisible = 0;
			defaultConfigurationName = Release;
		};
/* End XCConfigurationList section */
	};
	rootObject = 8D96ADA32D33651800F9F87B /* Project object */;
}
